
Microsoft Visual Studio Solution File, Format Version 12.00
# Visual Studio Version 16
VisualStudioVersion = 16.0.30503.244
MinimumVisualStudioVersion = 10.0.40219.1
Project("{FAE04EC0-301F-11D3-BF4B-00C04F79EFBC}") = "AspNetCoreAPI", "AspNetCoreAPI.csproj", "{555D79C6-D9A2-4D69-BAEB-3F176EF8A266}"
EndProject
Global
	GlobalSection(SolutionConfigurationPlatforms) = preSolution
		Debug|Any CPU = Debug|Any CPU
		Release|Any CPU = Release|Any CPU
	EndGlobalSection
	GlobalSection(ProjectConfigurationPlatforms) = postSolution
		{555D79C6-D9A2-4D69-BAEB-3F176EF8A266}.Debug|Any CPU.ActiveCfg = Debug|Any CPU
		{555D79C6-D9A2-4D69-BAEB-3F176EF8A266}.Debug|Any CPU.Build.0 = Debug|Any CPU
		{555D79C6-D9A2-4D69-BAEB-3F176EF8A266}.Release|Any CPU.ActiveCfg = Release|Any CPU
		{555D79C6-D9A2-4D69-BAEB-3F176EF8A266}.Release|Any CPU.Build.0 = Release|Any CPU
	EndGlobalSection
	GlobalSection(SolutionProperties) = preSolution
		HideSolutionNode = FALSE
	EndGlobalSection
	GlobalSection(ExtensibilityGlobals) = postSolution
		SolutionGuid = {6034602B-B38F-4FB6-838B-917543DB2409}
	EndGlobalSection
EndGlobal
